
Microsoft Visual Studio Solution File, Format Version 12.00
# Visual Studio 15
VisualStudioVersion = 15.0.26228.4
MinimumVisualStudioVersion = 10.0.40219.1
Project("{FAE04EC0-301F-11D3-BF4B-00C04F79EFBC}") = "SmartHealth.Core", "SmartHealth.Core\SmartHealth.Core.csproj", "{188CD6BC-7400-4260-8FFE-C5DEFE476DEF}"
EndProject
Project("{FAE04EC0-301F-11D3-BF4B-00C04F79EFBC}") = "SmartHealth.DB", "SmartHealth.DB\SmartHealth.DB.csproj", "{723F34C9-E462-4393-B120-2D6F9C48E5A3}"
EndProject
Project("{FAE04EC0-301F-11D3-BF4B-00C04F79EFBC}") = "SmartHealth.Common", "SmartHealth.Common\SmartHealth.Common.csproj", "{F9CC507C-F16A-431C-8C02-272A05EC1B45}"
EndProject
Project("{FAE04EC0-301F-11D3-BF4B-00C04F79EFBC}") = "SmartHealth.DB.Migrations", "SmartHealth.DB.Migrations\SmartHealth.DB.Migrations.csproj", "{5A78DABF-2277-403D-9B67-8342865C5A8E}"
EndProject
Project("{FAE04EC0-301F-11D3-BF4B-00C04F79EFBC}") = "SmartHealth.Web", "SmartHealth.Web\SmartHealth.Web.csproj", "{BF0BB400-634C-4519-9C45-70F0BC070B40}"
EndProject
Global
	GlobalSection(SolutionConfigurationPlatforms) = preSolution
		Debug|Any CPU = Debug|Any CPU
		Release|Any CPU = Release|Any CPU
	EndGlobalSection
	GlobalSection(ProjectConfigurationPlatforms) = postSolution
		{188CD6BC-7400-4260-8FFE-C5DEFE476DEF}.Debug|Any CPU.ActiveCfg = Debug|Any CPU
		{188CD6BC-7400-4260-8FFE-C5DEFE476DEF}.Debug|Any CPU.Build.0 = Debug|Any CPU
		{188CD6BC-7400-4260-8FFE-C5DEFE476DEF}.Release|Any CPU.ActiveCfg = Release|Any CPU
		{188CD6BC-7400-4260-8FFE-C5DEFE476DEF}.Release|Any CPU.Build.0 = Release|Any CPU
		{723F34C9-E462-4393-B120-2D6F9C48E5A3}.Debug|Any CPU.ActiveCfg = Debug|Any CPU
		{723F34C9-E462-4393-B120-2D6F9C48E5A3}.Debug|Any CPU.Build.0 = Debug|Any CPU
		{723F34C9-E462-4393-B120-2D6F9C48E5A3}.Release|Any CPU.ActiveCfg = Release|Any CPU
		{723F34C9-E462-4393-B120-2D6F9C48E5A3}.Release|Any CPU.Build.0 = Release|Any CPU
		{F9CC507C-F16A-431C-8C02-272A05EC1B45}.Debug|Any CPU.ActiveCfg = Debug|Any CPU
		{F9CC507C-F16A-431C-8C02-272A05EC1B45}.Debug|Any CPU.Build.0 = Debug|Any CPU
		{F9CC507C-F16A-431C-8C02-272A05EC1B45}.Release|Any CPU.ActiveCfg = Release|Any CPU
		{F9CC507C-F16A-431C-8C02-272A05EC1B45}.Release|Any CPU.Build.0 = Release|Any CPU
		{5A78DABF-2277-403D-9B67-8342865C5A8E}.Debug|Any CPU.ActiveCfg = Debug|Any CPU
		{5A78DABF-2277-403D-9B67-8342865C5A8E}.Debug|Any CPU.Build.0 = Debug|Any CPU
		{5A78DABF-2277-403D-9B67-8342865C5A8E}.Release|Any CPU.ActiveCfg = Release|Any CPU
		{5A78DABF-2277-403D-9B67-8342865C5A8E}.Release|Any CPU.Build.0 = Release|Any CPU
		{BF0BB400-634C-4519-9C45-70F0BC070B40}.Debug|Any CPU.ActiveCfg = Debug|Any CPU
		{BF0BB400-634C-4519-9C45-70F0BC070B40}.Debug|Any CPU.Build.0 = Debug|Any CPU
		{BF0BB400-634C-4519-9C45-70F0BC070B40}.Release|Any CPU.ActiveCfg = Release|Any CPU
		{BF0BB400-634C-4519-9C45-70F0BC070B40}.Release|Any CPU.Build.0 = Release|Any CPU
	EndGlobalSection
	GlobalSection(SolutionProperties) = preSolution
		HideSolutionNode = FALSE
	EndGlobalSection
EndGlobal
